
Microsoft Visual Studio Solution File, Format Version 12.00
# Visual Studio Version 17
VisualStudioVersion = 17.8.34511.84
MinimumVisualStudioVersion = 10.0.40219.1
Project("{FAE04EC0-301F-11D3-BF4B-00C04F79EFBC}") = "T3_1", "T3_1\T3_1.csproj", "{8996A396-44A0-4F71-8F0C-985BC44B6D44}"
EndProject
Global
	GlobalSection(SolutionConfigurationPlatforms) = preSolution
		Debug|Any CPU = Debug|Any CPU
		Release|Any CPU = Release|Any CPU
	EndGlobalSection
	GlobalSection(ProjectConfigurationPlatforms) = postSolution
		{8996A396-44A0-4F71-8F0C-985BC44B6D44}.Debug|Any CPU.ActiveCfg = Debug|Any CPU
		{8996A396-44A0-4F71-8F0C-985BC44B6D44}.Debug|Any CPU.Build.0 = Debug|Any CPU
		{8996A396-44A0-4F71-8F0C-985BC44B6D44}.Release|Any CPU.ActiveCfg = Release|Any CPU
		{8996A396-44A0-4F71-8F0C-985BC44B6D44}.Release|Any CPU.Build.0 = Release|Any CPU
	EndGlobalSection
	GlobalSection(SolutionProperties) = preSolution
		HideSolutionNode = FALSE
	EndGlobalSection
	GlobalSection(ExtensibilityGlobals) = postSolution
		SolutionGuid = {3D868A7F-1702-421C-ADB6-9FAED1AD8A38}
	EndGlobalSection
EndGlobal
